
Microsoft Visual Studio Solution File, Format Version 12.00
# Visual Studio Version 16
VisualStudioVersion = 16.0.30621.155
MinimumVisualStudioVersion = 10.0.40219.1
Project("{FAE04EC0-301F-11D3-BF4B-00C04F79EFBC}") = "Homework1App", "Homework1App\Homework1App.csproj", "{ABA74D93-E0EB-448E-AB20-E8309508D3EF}"
EndProject
Global
	GlobalSection(SolutionConfigurationPlatforms) = preSolution
		Debug|Any CPU = Debug|Any CPU
		Release|Any CPU = Release|Any CPU
	EndGlobalSection
	GlobalSection(ProjectConfigurationPlatforms) = postSolution
		{ABA74D93-E0EB-448E-AB20-E8309508D3EF}.Debug|Any CPU.ActiveCfg = Debug|Any CPU
		{ABA74D93-E0EB-448E-AB20-E8309508D3EF}.Debug|Any CPU.Build.0 = Debug|Any CPU
		{ABA74D93-E0EB-448E-AB20-E8309508D3EF}.Release|Any CPU.ActiveCfg = Release|Any CPU
		{ABA74D93-E0EB-448E-AB20-E8309508D3EF}.Release|Any CPU.Build.0 = Release|Any CPU
	EndGlobalSection
	GlobalSection(SolutionProperties) = preSolution
		HideSolutionNode = FALSE
	EndGlobalSection
	GlobalSection(ExtensibilityGlobals) = postSolution
		SolutionGuid = {375E66E3-3178-4711-ABF7-B70E39611674}
	EndGlobalSection
EndGlobal
